
Microsoft Visual Studio Solution File, Format Version 12.00
# Visual Studio Version 17
VisualStudioVersion = 17.5.33516.290
MinimumVisualStudioVersion = 10.0.40219.1
Project("{FAE04EC0-301F-11D3-BF4B-00C04F79EFBC}") = "JWT_token", "JWT_token\JWT_token.csproj", "{D216746E-3085-4554-862C-3710752D606A}"
EndProject
Global
	GlobalSection(SolutionConfigurationPlatforms) = preSolution
		Debug|Any CPU = Debug|Any CPU
		Release|Any CPU = Release|Any CPU
	EndGlobalSection
	GlobalSection(ProjectConfigurationPlatforms) = postSolution
		{D216746E-3085-4554-862C-3710752D606A}.Debug|Any CPU.ActiveCfg = Debug|Any CPU
		{D216746E-3085-4554-862C-3710752D606A}.Debug|Any CPU.Build.0 = Debug|Any CPU
		{D216746E-3085-4554-862C-3710752D606A}.Release|Any CPU.ActiveCfg = Release|Any CPU
		{D216746E-3085-4554-862C-3710752D606A}.Release|Any CPU.Build.0 = Release|Any CPU
	EndGlobalSection
	GlobalSection(SolutionProperties) = preSolution
		HideSolutionNode = FALSE
	EndGlobalSection
	GlobalSection(ExtensibilityGlobals) = postSolution
		SolutionGuid = {658B99F8-9F13-4DDF-AE44-E6A891771972}
	EndGlobalSection
EndGlobal
